PODS:
  - SnapKit (5.6.0)
  - SwiftLint (0.48.0)

DEPENDENCIES:
  - SnapKit
  - SwiftLint

SPEC REPOS:
  trunk:
    - SnapKit
    - SwiftLint

SPEC CHECKSUMS:
  SnapKit: e01d52ebb8ddbc333eefe2132acf85c8227d9c25
  SwiftLint: 284cea64b6187c5d6bd83e9a548a64104d546447

PODFILE CHECKSUM: 12b52ce78aa350765e70b0508e9ed5040822d291

COCOAPODS: 1.11.2
