// !$*UTF8*$!
{
	archiveVersion = 1;
	classes = {
	};
	objectVersion = 55;
	objects = {

/* Begin PBXBuildFile section */
		1184A28728BD2F75000D9497 /* AppDelegate.swift in Sources */ = {isa = PBXBuildFile; fileRef = 1184A28628BD2F75000D9497 /* AppDelegate.swift */; };
		1184A28B28BD2F75000D9497 /* MainViewController.swift in Sources */ = {isa = PBXBuildFile; fileRef = 1184A28A28BD2F75000D9497 /* MainViewController.swift */; };
		1184A29128BD2F75000D9497 /* SinemaHabits.xcdatamodeld in Sources */ = {isa = PBXBuildFile; fileRef = 1184A28F28BD2F75000D9497 /* SinemaHabits.xcdatamodeld */; };
		1184A29328BD2F77000D9497 /* Assets.xcassets in Resources */ = {isa = PBXBuildFile; fileRef = 1184A29228BD2F77000D9497 /* Assets.xcassets */; };
		1184A29628BD2F77000D9497 /* LaunchScreen.storyboard in Resources */ = {isa = PBXBuildFile; fileRef = 1184A29428BD2F77000D9497 /* LaunchScreen.storyboard */; };
		1184A2AB28BD333B000D9497 /* CinemaModel.swift in Sources */ = {isa = PBXBuildFile; fileRef = 1184A2AA28BD333B000D9497 /* CinemaModel.swift */; };
		1184A2AD28BD338D000D9497 /* DetailsViewController.swift in Sources */ = {isa = PBXBuildFile; fileRef = 1184A2AC28BD338D000D9497 /* DetailsViewController.swift */; };
		1184A2AF28BD33BD000D9497 /* DetailsView.swift in Sources */ = {isa = PBXBuildFile; fileRef = 1184A2AE28BD33BD000D9497 /* DetailsView.swift */; };
		1184A2B128BD33E8000D9497 /* DetailsModels.swift in Sources */ = {isa = PBXBuildFile; fileRef = 1184A2B028BD33E8000D9497 /* DetailsModels.swift */; };
		1184A2B328BD3408000D9497 /* MainScreenModel.swift in Sources */ = {isa = PBXBuildFile; fileRef = 1184A2B228BD3408000D9497 /* MainScreenModel.swift */; };
		1184A2B528BD341E000D9497 /* MainView.swift in Sources */ = {isa = PBXBuildFile; fileRef = 1184A2B428BD341E000D9497 /* MainView.swift */; };
		11A8E49D28BE20CA0016ED51 /* ErrorView.swift in Sources */ = {isa = PBXBuildFile; fileRef = 11A8E49C28BE20CA0016ED51 /* ErrorView.swift */; };
		11A8E49F28BE320F0016ED51 /* SearchErrorView.swift in Sources */ = {isa = PBXBuildFile; fileRef = 11A8E49E28BE320F0016ED51 /* SearchErrorView.swift */; };
		9ED4EAB6D541E1F3EE19961D /* Pods_SinemaHabits.framework in Frameworks */ = {isa = PBXBuildFile; fileRef = 922F077B1BA070CC94C62ABA /* Pods_SinemaHabits.framework */; };
/* End PBXBuildFile section */

/* Begin PBXFileReference section */
		080A753F62D29D4F51FE9FFC /* Pods-SinemaHabits.release.xcconfig */ = {isa = PBXFileReference; includeInIndex = 1; lastKnownFileType = text.xcconfig; name = "Pods-SinemaHabits.release.xcconfig"; path = "Target Support Files/Pods-SinemaHabits/Pods-SinemaHabits.release.xcconfig"; sourceTree = "<group>"; };
		1184A28328BD2F75000D9497 /* SinemaHabits.app */ = {isa = PBXFileReference; explicitFileType = wrapper.application; includeInIndex = 0; path = SinemaHabits.app; sourceTree = BUILT_PRODUCTS_DIR; };
		1184A28628BD2F75000D9497 /* AppDelegate.swift */ = {isa = PBXFileReference; lastKnownFileType = sourcecode.swift; path = AppDelegate.swift; sourceTree = "<group>"; };
		1184A28A28BD2F75000D9497 /* MainViewController.swift */ = {isa = PBXFileReference; lastKnownFileType = sourcecode.swift; path = MainViewController.swift; sourceTree = "<group>"; };
		1184A29028BD2F75000D9497 /* SinemaHabits.xcdatamodel */ = {isa = PBXFileReference; lastKnownFileType = wrapper.xcdatamodel; path = SinemaHabits.xcdatamodel; sourceTree = "<group>"; };
		1184A29228BD2F77000D9497 /* Assets.xcassets */ = {isa = PBXFileReference; lastKnownFileType = folder.assetcatalog; path = Assets.xcassets; sourceTree = "<group>"; };
		1184A29528BD2F77000D9497 /* Base */ = {isa = PBXFileReference; lastKnownFileType = file.storyboard; name = Base; path = Base.lproj/LaunchScreen.storyboard; sourceTree = "<group>"; };
		1184A29728BD2F77000D9497 /* Info.plist */ = {isa = PBXFileReference; lastKnownFileType = text.plist.xml; path = Info.plist; sourceTree = "<group>"; };
		1184A2AA28BD333B000D9497 /* CinemaModel.swift */ = {isa = PBXFileReference; lastKnownFileType = sourcecode.swift; path = CinemaModel.swift; sourceTree = "<group>"; };
		1184A2AC28BD338D000D9497 /* DetailsViewController.swift */ = {isa = PBXFileReference; lastKnownFileType = sourcecode.swift; path = DetailsViewController.swift; sourceTree = "<group>"; };
		1184A2AE28BD33BD000D9497 /* DetailsView.swift */ = {isa = PBXFileReference; lastKnownFileType = sourcecode.swift; path = DetailsView.swift; sourceTree = "<group>"; };
		1184A2B028BD33E8000D9497 /* DetailsModels.swift */ = {isa = PBXFileReference; lastKnownFileType = sourcecode.swift; path = DetailsModels.swift; sourceTree = "<group>"; };
		1184A2B228BD3408000D9497 /* MainScreenModel.swift */ = {isa = PBXFileReference; lastKnownFileType = sourcecode.swift; path = MainScreenModel.swift; sourceTree = "<group>"; };
		1184A2B428BD341E000D9497 /* MainView.swift */ = {isa = PBXFileReference; lastKnownFileType = sourcecode.swift; path = MainView.swift; sourceTree = "<group>"; };
		11A8E49C28BE20CA0016ED51 /* ErrorView.swift */ = {isa = PBXFileReference; lastKnownFileType = sourcecode.swift; path = ErrorView.swift; sourceTree = "<group>"; };
		11A8E49E28BE320F0016ED51 /* SearchErrorView.swift */ = {isa = PBXFileReference; lastKnownFileType = sourcecode.swift; path = SearchErrorView.swift; sourceTree = "<group>"; };
		922F077B1BA070CC94C62ABA /* Pods_SinemaHabits.framework */ = {isa = PBXFileReference; explicitFileType = wrapper.framework; includeInIndex = 0; path = Pods_SinemaHabits.framework; sourceTree = BUILT_PRODUCTS_DIR; };
		DD79FF6BA8A61CA978A53793 /* Pods-SinemaHabits.debug.xcconfig */ = {isa = PBXFileReference; includeInIndex = 1; lastKnownFileType = text.xcconfig; name = "Pods-SinemaHabits.debug.xcconfig"; path = "Target Support Files/Pods-SinemaHabits/Pods-SinemaHabits.debug.xcconfig"; sourceTree = "<group>"; };
/* End PBXFileReference section */

/* Begin PBXFrameworksBuildPhase section */
		1184A28028BD2F75000D9497 /* Frameworks */ = {
			isa = PBXFrameworksBuildPhase;
			buildActionMask = 2147483647;
			files = (
				9ED4EAB6D541E1F3EE19961D /* Pods_SinemaHabits.framework in Frameworks */,
			);
			runOnlyForDeploymentPostprocessing = 0;
		};
/* End PBXFrameworksBuildPhase section */

/* Begin PBXGroup section */
		1184A27A28BD2F75000D9497 = {
			isa = PBXGroup;
			children = (
				1184A28528BD2F75000D9497 /* SinemaHabits */,
				1184A28428BD2F75000D9497 /* Products */,
				340952BC75ECDA2D26743223 /* Pods */,
				9C7E830550B994212707EB4B /* Frameworks */,
			);
			sourceTree = "<group>";
		};
		1184A28428BD2F75000D9497 /* Products */ = {
			isa = PBXGroup;
			children = (
				1184A28328BD2F75000D9497 /* SinemaHabits.app */,
			);
			name = Products;
			sourceTree = "<group>";
		};
		1184A28528BD2F75000D9497 /* SinemaHabits */ = {
			isa = PBXGroup;
			children = (
				1184A28628BD2F75000D9497 /* AppDelegate.swift */,
				1184A29E28BD313C000D9497 /* Modules */,
				1184A29D28BD3088000D9497 /* Network */,
				1184A2A928BD32F1000D9497 /* Resources */,
				1184A28F28BD2F75000D9497 /* SinemaHabits.xcdatamodeld */,
			);
			path = SinemaHabits;
			sourceTree = "<group>";
		};
		1184A29D28BD3088000D9497 /* Network */ = {
			isa = PBXGroup;
			children = (
				1184A2AA28BD333B000D9497 /* CinemaModel.swift */,
			);
			path = Network;
			sourceTree = "<group>";
		};
		1184A29E28BD313C000D9497 /* Modules */ = {
			isa = PBXGroup;
			children = (
				1184A2A028BD3159000D9497 /* DetailsSreen */,
				1184A29F28BD314E000D9497 /* MainScreen */,
			);
			path = Modules;
			sourceTree = "<group>";
		};
		1184A29F28BD314E000D9497 /* MainScreen */ = {
			isa = PBXGroup;
			children = (
				1184A2A528BD31A8000D9497 /* Models */,
				1184A2A228BD318A000D9497 /* Views */,
				1184A2A128BD316F000D9497 /* Conrollers */,
			);
			path = MainScreen;
			sourceTree = "<group>";
		};
		1184A2A028BD3159000D9497 /* DetailsSreen */ = {
			isa = PBXGroup;
			children = (
				1184A2A828BD32C7000D9497 /* Views */,
				1184A2A728BD32AD000D9497 /* Controllers */,
				1184A2A628BD325D000D9497 /* Models */,
			);
			path = DetailsSreen;
			sourceTree = "<group>";
		};
		1184A2A128BD316F000D9497 /* Conrollers */ = {
			isa = PBXGroup;
			children = (
				1184A28A28BD2F75000D9497 /* MainViewController.swift */,
			);
			path = Conrollers;
			sourceTree = "<group>";
		};
		1184A2A228BD318A000D9497 /* Views */ = {
			isa = PBXGroup;
			children = (
				1184A2B428BD341E000D9497 /* MainView.swift */,
				11A8E4A028BE33540016ED51 /* ErrorView */,
			);
			path = Views;
			sourceTree = "<group>";
		};
		1184A2A528BD31A8000D9497 /* Models */ = {
			isa = PBXGroup;
			children = (
				1184A2B228BD3408000D9497 /* MainScreenModel.swift */,
			);
			path = Models;
			sourceTree = "<group>";
		};
		1184A2A628BD325D000D9497 /* Models */ = {
			isa = PBXGroup;
			children = (
				1184A2B028BD33E8000D9497 /* DetailsModels.swift */,
			);
			path = Models;
			sourceTree = "<group>";
		};
		1184A2A728BD32AD000D9497 /* Controllers */ = {
			isa = PBXGroup;
			children = (
				1184A2AC28BD338D000D9497 /* DetailsViewController.swift */,
			);
			path = Controllers;
			sourceTree = "<group>";
		};
		1184A2A828BD32C7000D9497 /* Views */ = {
			isa = PBXGroup;
			children = (
				1184A2AE28BD33BD000D9497 /* DetailsView.swift */,
			);
			path = Views;
			sourceTree = "<group>";
		};
		1184A2A928BD32F1000D9497 /* Resources */ = {
			isa = PBXGroup;
			children = (
				1184A29228BD2F77000D9497 /* Assets.xcassets */,
				1184A29428BD2F77000D9497 /* LaunchScreen.storyboard */,
				1184A29728BD2F77000D9497 /* Info.plist */,
			);
			path = Resources;
			sourceTree = "<group>";
		};
		11A8E4A028BE33540016ED51 /* ErrorView */ = {
			isa = PBXGroup;
			children = (
				11A8E49C28BE20CA0016ED51 /* ErrorView.swift */,
				11A8E49E28BE320F0016ED51 /* SearchErrorView.swift */,
			);
			path = ErrorView;
			sourceTree = "<group>";
		};
		340952BC75ECDA2D26743223 /* Pods */ = {
			isa = PBXGroup;
			children = (
				DD79FF6BA8A61CA978A53793 /* Pods-SinemaHabits.debug.xcconfig */,
				080A753F62D29D4F51FE9FFC /* Pods-SinemaHabits.release.xcconfig */,
			);
			path = Pods;
			sourceTree = "<group>";
		};
		9C7E830550B994212707EB4B /* Frameworks */ = {
			isa = PBXGroup;
			children = (
				922F077B1BA070CC94C62ABA /* Pods_SinemaHabits.framework */,
			);
			name = Frameworks;
			sourceTree = "<group>";
		};
/* End PBXGroup section */

/* Begin PBXNativeTarget section */
		1184A28228BD2F75000D9497 /* SinemaHabits */ = {
			isa = PBXNativeTarget;
			buildConfigurationList = 1184A29A28BD2F77000D9497 /* Build configuration list for PBXNativeTarget "SinemaHabits" */;
			buildPhases = (
				D4DA0DF0F1750B4CC935492B /* [CP] Check Pods Manifest.lock */,
				1184A2B628BD354B000D9497 /* SwiftLint */,
				1184A27F28BD2F75000D9497 /* Sources */,
				1184A28028BD2F75000D9497 /* Frameworks */,
				1184A28128BD2F75000D9497 /* Resources */,
				F63A5208F7C6477B0B22D77B /* [CP] Embed Pods Frameworks */,
			);
			buildRules = (
			);
			dependencies = (
			);
			name = SinemaHabits;
			productName = SinemaHabits;
			productReference = 1184A28328BD2F75000D9497 /* SinemaHabits.app */;
			productType = "com.apple.product-type.application";
		};
/* End PBXNativeTarget section */

/* Begin PBXProject section */
		1184A27B28BD2F75000D9497 /* Project object */ = {
			isa = PBXProject;
			attributes = {
				BuildIndependentTargetsInParallel = 1;
				LastSwiftUpdateCheck = 1340;
				LastUpgradeCheck = 1340;
				TargetAttributes = {
					1184A28228BD2F75000D9497 = {
						CreatedOnToolsVersion = 13.4.1;
					};
				};
			};
			buildConfigurationList = 1184A27E28BD2F75000D9497 /* Build configuration list for PBXProject "SinemaHabits" */;
			compatibilityVersion = "Xcode 13.0";
			developmentRegion = en;
			hasScannedForEncodings = 0;
			knownRegions = (
				en,
				Base,
			);
			mainGroup = 1184A27A28BD2F75000D9497;
			productRefGroup = 1184A28428BD2F75000D9497 /* Products */;
			projectDirPath = "";
			projectRoot = "";
			targets = (
				1184A28228BD2F75000D9497 /* SinemaHabits */,
			);
		};
/* End PBXProject section */

/* Begin PBXResourcesBuildPhase section */
		1184A28128BD2F75000D9497 /* Resources */ = {
			isa = PBXResourcesBuildPhase;
			buildActionMask = 2147483647;
			files = (
				1184A29628BD2F77000D9497 /* LaunchScreen.storyboard in Resources */,
				1184A29328BD2F77000D9497 /* Assets.xcassets in Resources */,
			);
			runOnlyForDeploymentPostprocessing = 0;
		};
/* End PBXResourcesBuildPhase section */

/* Begin PBXShellScriptBuildPhase section */
		1184A2B628BD354B000D9497 /* SwiftLint */ = {
			isa = PBXShellScriptBuildPhase;
			buildActionMask = 12;
			files = (
			);
			inputFileListPaths = (
			);
			inputPaths = (
			);
			name = SwiftLint;
			outputFileListPaths = (
			);
			outputPaths = (
			);
			runOnlyForDeploymentPostprocessing = 0;
			shellPath = /bin/sh;
			shellScript = "${PODS_ROOT}/SwiftLint/swiftlint\n";
		};
		D4DA0DF0F1750B4CC935492B /* [CP] Check Pods Manifest.lock */ = {
			isa = PBXShellScriptBuildPhase;
			buildActionMask = 2147483647;
			files = (
			);
			inputFileListPaths = (
			);
			inputPaths = (
				"${PODS_PODFILE_DIR_PATH}/Podfile.lock",
				"${PODS_ROOT}/Manifest.lock",
			);
			name = "[CP] Check Pods Manifest.lock";
			outputFileListPaths = (
			);
			outputPaths = (
				"$(DERIVED_FILE_DIR)/Pods-SinemaHabits-checkManifestLockResult.txt",
			);
			runOnlyForDeploymentPostprocessing = 0;
			shellPath = /bin/sh;
			shellScript = "diff \"${PODS_PODFILE_DIR_PATH}/Podfile.lock\" \"${PODS_ROOT}/Manifest.lock\" > /dev/null\nif [ $? != 0 ] ; then\n    # print error to STDERR\n    echo \"error: The sandbox is not in sync with the Podfile.lock. Run 'pod install' or update your CocoaPods installation.\" >&2\n    exit 1\nfi\n# This output is used by Xcode 'outputs' to avoid re-running this script phase.\necho \"SUCCESS\" > \"${SCRIPT_OUTPUT_FILE_0}\"\n";
			showEnvVarsInLog = 0;
		};
		F63A5208F7C6477B0B22D77B /* [CP] Embed Pods Frameworks */ = {
			isa = PBXShellScriptBuildPhase;
			buildActionMask = 2147483647;
			files = (
			);
			inputFileListPaths = (
				"${PODS_ROOT}/Target Support Files/Pods-SinemaHabits/Pods-SinemaHabits-frameworks-${CONFIGURATION}-input-files.xcfilelist",
			);
			name = "[CP] Embed Pods Frameworks";
			outputFileListPaths = (
				"${PODS_ROOT}/Target Support Files/Pods-SinemaHabits/Pods-SinemaHabits-frameworks-${CONFIGURATION}-output-files.xcfilelist",
			);
			runOnlyForDeploymentPostprocessing = 0;
			shellPath = /bin/sh;
			shellScript = "\"${PODS_ROOT}/Target Support Files/Pods-SinemaHabits/Pods-SinemaHabits-frameworks.sh\"\n";
			showEnvVarsInLog = 0;
		};
/* End PBXShellScriptBuildPhase section */

/* Begin PBXSourcesBuildPhase section */
		1184A27F28BD2F75000D9497 /* Sources */ = {
			isa = PBXSourcesBuildPhase;
			buildActionMask = 2147483647;
			files = (
				1184A28B28BD2F75000D9497 /* MainViewController.swift in Sources */,
				1184A2B528BD341E000D9497 /* MainView.swift in Sources */,
				11A8E49F28BE320F0016ED51 /* SearchErrorView.swift in Sources */,
				1184A29128BD2F75000D9497 /* SinemaHabits.xcdatamodeld in Sources */,
				11A8E49D28BE20CA0016ED51 /* ErrorView.swift in Sources */,
				1184A2AB28BD333B000D9497 /* CinemaModel.swift in Sources */,
				1184A2B128BD33E8000D9497 /* DetailsModels.swift in Sources */,
				1184A28728BD2F75000D9497 /* AppDelegate.swift in Sources */,
				1184A2AD28BD338D000D9497 /* DetailsViewController.swift in Sources */,
				1184A2B328BD3408000D9497 /* MainScreenModel.swift in Sources */,
				1184A2AF28BD33BD000D9497 /* DetailsView.swift in Sources */,
			);
			runOnlyForDeploymentPostprocessing = 0;
		};
/* End PBXSourcesBuildPhase section */

/* Begin PBXVariantGroup section */
		1184A29428BD2F77000D9497 /* LaunchScreen.storyboard */ = {
			isa = PBXVariantGroup;
			children = (
				1184A29528BD2F77000D9497 /* Base */,
			);
			name = LaunchScreen.storyboard;
			sourceTree = "<group>";
		};
/* End PBXVariantGroup section */

/* Begin XCBuildConfiguration section */
		1184A29828BD2F77000D9497 /* Debug */ = {
			isa = XCBuildConfiguration;
			buildSettings = {
				ALWAYS_SEARCH_USER_PATHS = NO;
				CLANG_ANALYZER_NONNULL = YES;
				CLANG_ANALYZER_NUMBER_OBJECT_CONVERSION = YES_AGGRESSIVE;
				CLANG_CXX_LANGUAGE_STANDARD = "gnu++17";
				CLANG_ENABLE_MODULES = YES;
				CLANG_ENABLE_OBJC_ARC = YES;
				CLANG_ENABLE_OBJC_WEAK = YES;
				CLANG_WARN_BLOCK_CAPTURE_AUTORELEASING = YES;
				CLANG_WARN_BOOL_CONVERSION = YES;
				CLANG_WARN_COMMA = YES;
				CLANG_WARN_CONSTANT_CONVERSION = YES;
				CLANG_WARN_DEPRECATED_OBJC_IMPLEMENTATIONS = YES;
				CLANG_WARN_DIRECT_OBJC_ISA_USAGE = YES_ERROR;
				CLANG_WARN_DOCUMENTATION_COMMENTS = YES;
				CLANG_WARN_EMPTY_BODY = YES;
				CLANG_WARN_ENUM_CONVERSION = YES;
				CLANG_WARN_INFINITE_RECURSION = YES;
				CLANG_WARN_INT_CONVERSION = YES;
				CLANG_WARN_NON_LITERAL_NULL_CONVERSION = YES;
				CLANG_WARN_OBJC_IMPLICIT_RETAIN_SELF = YES;
				CLANG_WARN_OBJC_LITERAL_CONVERSION = YES;
				CLANG_WARN_OBJC_ROOT_CLASS = YES_ERROR;
				CLANG_WARN_QUOTED_INCLUDE_IN_FRAMEWORK_HEADER = YES;
				CLANG_WARN_RANGE_LOOP_ANALYSIS = YES;
				CLANG_WARN_STRICT_PROTOTYPES = YES;
				CLANG_WARN_SUSPICIOUS_MOVE = YES;
				CLANG_WARN_UNGUARDED_AVAILABILITY = YES_AGGRESSIVE;
				CLANG_WARN_UNREACHABLE_CODE = YES;
				CLANG_WARN__DUPLICATE_METHOD_MATCH = YES;
				COPY_PHASE_STRIP = NO;
				DEBUG_INFORMATION_FORMAT = dwarf;
				ENABLE_STRICT_OBJC_MSGSEND = YES;
				ENABLE_TESTABILITY = YES;
				GCC_C_LANGUAGE_STANDARD = gnu11;
				GCC_DYNAMIC_NO_PIC = NO;
				GCC_NO_COMMON_BLOCKS = YES;
				GCC_OPTIMIZATION_LEVEL = 0;
				GCC_PREPROCESSOR_DEFINITIONS = (
					"DEBUG=1",
					"$(inherited)",
				);
				GCC_WARN_64_TO_32_BIT_CONVERSION = YES;
				GCC_WARN_ABOUT_RETURN_TYPE = YES_ERROR;
				GCC_WARN_UNDECLARED_SELECTOR = YES;
				GCC_WARN_UNINITIALIZED_AUTOS = YES_AGGRESSIVE;
				GCC_WARN_UNUSED_FUNCTION = YES;
				GCC_WARN_UNUSED_VARIABLE = YES;
				IPHONEOS_DEPLOYMENT_TARGET = 15.5;
				MTL_ENABLE_DEBUG_INFO = INCLUDE_SOURCE;
				MTL_FAST_MATH = YES;
				ONLY_ACTIVE_ARCH = YES;
				SDKROOT = iphoneos;
				SWIFT_ACTIVE_COMPILATION_CONDITIONS = DEBUG;
				SWIFT_OPTIMIZATION_LEVEL = "-Onone";
			};
			name = Debug;
		};
		1184A29928BD2F77000D9497 /* Release */ = {
			isa = XCBuildConfiguration;
			buildSettings = {
				ALWAYS_SEARCH_USER_PATHS = NO;
				CLANG_ANALYZER_NONNULL = YES;
				CLANG_ANALYZER_NUMBER_OBJECT_CONVERSION = YES_AGGRESSIVE;
				CLANG_CXX_LANGUAGE_STANDARD = "gnu++17";
				CLANG_ENABLE_MODULES = YES;
				CLANG_ENABLE_OBJC_ARC = YES;
				CLANG_ENABLE_OBJC_WEAK = YES;
				CLANG_WARN_BLOCK_CAPTURE_AUTORELEASING = YES;
				CLANG_WARN_BOOL_CONVERSION = YES;
				CLANG_WARN_COMMA = YES;
				CLANG_WARN_CONSTANT_CONVERSION = YES;
				CLANG_WARN_DEPRECATED_OBJC_IMPLEMENTATIONS = YES;
				CLANG_WARN_DIRECT_OBJC_ISA_USAGE = YES_ERROR;
				CLANG_WARN_DOCUMENTATION_COMMENTS = YES;
				CLANG_WARN_EMPTY_BODY = YES;
				CLANG_WARN_ENUM_CONVERSION = YES;
				CLANG_WARN_INFINITE_RECURSION = YES;
				CLANG_WARN_INT_CONVERSION = YES;
				CLANG_WARN_NON_LITERAL_NULL_CONVERSION = YES;
				CLANG_WARN_OBJC_IMPLICIT_RETAIN_SELF = YES;
				CLANG_WARN_OBJC_LITERAL_CONVERSION = YES;
				CLANG_WARN_OBJC_ROOT_CLASS = YES_ERROR;
				CLANG_WARN_QUOTED_INCLUDE_IN_FRAMEWORK_HEADER = YES;
				CLANG_WARN_RANGE_LOOP_ANALYSIS = YES;
				CLANG_WARN_STRICT_PROTOTYPES = YES;
				CLANG_WARN_SUSPICIOUS_MOVE = YES;
				CLANG_WARN_UNGUARDED_AVAILABILITY = YES_AGGRESSIVE;
				CLANG_WARN_UNREACHABLE_CODE = YES;
				CLANG_WARN__DUPLICATE_METHOD_MATCH = YES;
				COPY_PHASE_STRIP = NO;
				DEBUG_INFORMATION_FORMAT = "dwarf-with-dsym";
				ENABLE_NS_ASSERTIONS = NO;
				ENABLE_STRICT_OBJC_MSGSEND = YES;
				GCC_C_LANGUAGE_STANDARD = gnu11;
				GCC_NO_COMMON_BLOCKS = YES;
				GCC_WARN_64_TO_32_BIT_CONVERSION = YES;
				GCC_WARN_ABOUT_RETURN_TYPE = YES_ERROR;
				GCC_WARN_UNDECLARED_SELECTOR = YES;
				GCC_WARN_UNINITIALIZED_AUTOS = YES_AGGRESSIVE;
				GCC_WARN_UNUSED_FUNCTION = YES;
				GCC_WARN_UNUSED_VARIABLE = YES;
				IPHONEOS_DEPLOYMENT_TARGET = 15.5;
				MTL_ENABLE_DEBUG_INFO = NO;
				MTL_FAST_MATH = YES;
				SDKROOT = iphoneos;
				SWIFT_COMPILATION_MODE = wholemodule;
				SWIFT_OPTIMIZATION_LEVEL = "-O";
				VALIDATE_PRODUCT = YES;
			};
			name = Release;
		};
		1184A29B28BD2F77000D9497 /* Debug */ = {
			isa = XCBuildConfiguration;
			baseConfigurationReference = DD79FF6BA8A61CA978A53793 /* Pods-SinemaHabits.debug.xcconfig */;
			buildSettings = {
				ASSETCATALOG_COMPILER_APPICON_NAME = AppIcon;
				ASSETCATALOG_COMPILER_GLOBAL_ACCENT_COLOR_NAME = AccentColor;
				CODE_SIGN_STYLE = Automatic;
				CURRENT_PROJECT_VERSION = 1;
				DEVELOPMENT_TEAM = 3V6USXUV59;
				GENERATE_INFOPLIST_FILE = YES;
				INFOPLIST_FILE = SinemaHabits/Resources/Info.plist;
				INFOPLIST_KEY_UIApplicationSupportsIndirectInputEvents = YES;
				INFOPLIST_KEY_UILaunchStoryboardName = LaunchScreen;
				INFOPLIST_KEY_UISupportedInterfaceOrientations = UIInterfaceOrientationPortrait;
				INFOPLIST_KEY_UISupportedInterfaceOrientations_iPad = "UIInterfaceOrientationPortrait UIInterfaceOrientationPortraitUpsideDown UIInterfaceOrientationLandscapeLeft UIInterfaceOrientationLandscapeRight";
				INFOPLIST_KEY_UISupportedInterfaceOrientations_iPhone = "UIInterfaceOrientationPortrait UIInterfaceOrientationLandscapeLeft UIInterfaceOrientationLandscapeRight";
				IPHONEOS_DEPLOYMENT_TARGET = 13.0;
				LD_RUNPATH_SEARCH_PATHS = (
					"$(inherited)",
					"@executable_path/Frameworks",
				);
				MARKETING_VERSION = 1.0;
				PRODUCT_BUNDLE_IDENTIFIER = com.nick.SinemaHabits;
				PRODUCT_NAME = "$(TARGET_NAME)";
				SWIFT_EMIT_LOC_STRINGS = YES;
				SWIFT_VERSION = 5.0;
				TARGETED_DEVICE_FAMILY = 1;
			};
			name = Debug;
		};
		1184A29C28BD2F77000D9497 /* Release */ = {
			isa = XCBuildConfiguration;
			baseConfigurationReference = 080A753F62D29D4F51FE9FFC /* Pods-SinemaHabits.release.xcconfig */;
			buildSettings = {
				ASSETCATALOG_COMPILER_APPICON_NAME = AppIcon;
				ASSETCATALOG_COMPILER_GLOBAL_ACCENT_COLOR_NAME = AccentColor;
				CODE_SIGN_STYLE = Automatic;
				CURRENT_PROJECT_VERSION = 1;
				DEVELOPMENT_TEAM = 3V6USXUV59;
				GENERATE_INFOPLIST_FILE = YES;
				INFOPLIST_FILE = SinemaHabits/Resources/Info.plist;
				INFOPLIST_KEY_UIApplicationSupportsIndirectInputEvents = YES;
				INFOPLIST_KEY_UILaunchStoryboardName = LaunchScreen;
				INFOPLIST_KEY_UISupportedInterfaceOrientations = UIInterfaceOrientationPortrait;
				INFOPLIST_KEY_UISupportedInterfaceOrientations_iPad = "UIInterfaceOrientationPortrait UIInterfaceOrientationPortraitUpsideDown UIInterfaceOrientationLandscapeLeft UIInterfaceOrientationLandscapeRight";
				INFOPLIST_KEY_UISupportedInterfaceOrientations_iPhone = "UIInterfaceOrientationPortrait UIInterfaceOrientationLandscapeLeft UIInterfaceOrientationLandscapeRight";
				IPHONEOS_DEPLOYMENT_TARGET = 13.0;
				LD_RUNPATH_SEARCH_PATHS = (
					"$(inherited)",
					"@executable_path/Frameworks",
				);
				MARKETING_VERSION = 1.0;
				PRODUCT_BUNDLE_IDENTIFIER = com.nick.SinemaHabits;
				PRODUCT_NAME = "$(TARGET_NAME)";
				SWIFT_EMIT_LOC_STRINGS = YES;
				SWIFT_VERSION = 5.0;
				TARGETED_DEVICE_FAMILY = 1;
			};
			name = Release;
		};
/* End XCBuildConfiguration section */

/* Begin XCConfigurationList section */
		1184A27E28BD2F75000D9497 /* Build configuration list for PBXProject "SinemaHabits" */ = {
			isa = XCConfigurationList;
			buildConfigurations = (
				1184A29828BD2F77000D9497 /* Debug */,
				1184A29928BD2F77000D9497 /* Release */,
			);
			defaultConfigurationIsVisible = 0;
			defaultConfigurationName = Release;
		};
		1184A29A28BD2F77000D9497 /* Build configuration list for PBXNativeTarget "SinemaHabits" */ = {
			isa = XCConfigurationList;
			buildConfigurations = (
				1184A29B28BD2F77000D9497 /* Debug */,
				1184A29C28BD2F77000D9497 /* Release */,
			);
			defaultConfigurationIsVisible = 0;
			defaultConfigurationName = Release;
		};
/* End XCConfigurationList section */

/* Begin XCVersionGroup section */
		1184A28F28BD2F75000D9497 /* SinemaHabits.xcdatamodeld */ = {
			isa = XCVersionGroup;
			children = (
				1184A29028BD2F75000D9497 /* SinemaHabits.xcdatamodel */,
			);
			currentVersion = 1184A29028BD2F75000D9497 /* SinemaHabits.xcdatamodel */;
			path = SinemaHabits.xcdatamodeld;
			sourceTree = "<group>";
			versionGroupType = wrapper.xcdatamodel;
		};
/* End XCVersionGroup section */
	};
	rootObject = 1184A27B28BD2F75000D9497 /* Project object */;
}
